
Microsoft Visual Studio Solution File, Format Version 12.00
# Visual Studio Version 17
VisualStudioVersion = 17.0.31903.59
MinimumVisualStudioVersion = 10.0.40219.1
Project("{2150E333-8FDC-42A3-9474-1A3956D46DE8}") = "Solution Items", "Solution Items", "{B0D35F8A-5404-4EED-AEB7-D2D634BE0918}"
	ProjectSection(SolutionItems) = preProject
		Directory.Build.props = Directory.Build.props
		LICENSE.md = LICENSE.md
		README.md = README.md
	EndProjectSection
EndProject
Project("{2150E333-8FDC-42A3-9474-1A3956D46DE8}") = "src", "src", "{F04A1618-D75A-478D-B4C9-B9EBB93A112E}"
EndProject
Project("{FAE04EC0-301F-11D3-BF4B-00C04F79EFBC}") = "CraftLR.App", "src\CraftLR.App\CraftLR.App.csproj", "{F04E25A5-C031-4807-AAE8-6CFD2B3D17F7}"
EndProject
Project("{2150E333-8FDC-42A3-9474-1A3956D46DE8}") = "tests", "tests", "{B2F87FA4-424F-403E-83A5-DEFEB98849C4}"
EndProject
Project("{FAE04EC0-301F-11D3-BF4B-00C04F79EFBC}") = "CraftLR.App.Tests", "tests\CraftLR.App.Tests\CraftLR.App.Tests.csproj", "{A95E53F0-CF65-42AF-A85C-BB2EE1F2DC3B}"
EndProject
Project("{FAE04EC0-301F-11D3-BF4B-00C04F79EFBC}") = "CraftLR.UI", "src\CraftLR.UI\CraftLR.UI.csproj", "{BD6E1526-EBDA-431C-8EAE-0A9D1CF46D90}"
EndProject
Project("{FAE04EC0-301F-11D3-BF4B-00C04F79EFBC}") = "CraftLR.MVVM", "src\CraftLR.MVVM\CraftLR.MVVM.csproj", "{DDE77B36-010D-47F9-A1BC-134E2ADC5DEE}"
EndProject
Project("{FAE04EC0-301F-11D3-BF4B-00C04F79EFBC}") = "CraftLR.Exercice1", "src\CraftLR.Exercice1\CraftLR.Exercice1.csproj", "{8629C577-7033-476A-8BC6-91F9AC18B469}"
EndProject
Project("{FAE04EC0-301F-11D3-BF4B-00C04F79EFBC}") = "CraftLR.Exercice2", "src\CraftLR.Exercice2\CraftLR.Exercice2.csproj", "{9CF73F37-74F6-4367-98F1-6A99BC58F489}"
EndProject
Project("{FAE04EC0-301F-11D3-BF4B-00C04F79EFBC}") = "CraftLR.Exercice3", "src\CraftLR.Exercice3\CraftLR.Exercice3.csproj", "{678267EE-7D29-4A90-976B-A719D29D4D0E}"
EndProject
Project("{FAE04EC0-301F-11D3-BF4B-00C04F79EFBC}") = "CraftLR.Exercice4", "src\CraftLR.Exercice4\CraftLR.Exercice4.csproj", "{31A665FF-F54E-4059-9244-59739781EB9F}"
EndProject
Project("{FAE04EC0-301F-11D3-BF4B-00C04F79EFBC}") = "CraftLR.Exercice5", "src\CraftLR.Exercice5\CraftLR.Exercice5.csproj", "{18DF70CA-DDA4-4C3E-98CA-D4CD20BCECC2}"
EndProject
Project("{FAE04EC0-301F-11D3-BF4B-00C04F79EFBC}") = "CraftLR.Exercice6", "src\CraftLR.Exercice6\CraftLR.Exercice6.csproj", "{C7AC608B-4615-41E0-9790-F43A5668E6F8}"
EndProject
Project("{FAE04EC0-301F-11D3-BF4B-00C04F79EFBC}") = "CraftLR.Exercice7", "src\CraftLR.Exercice7\CraftLR.Exercice7.csproj", "{2844046D-2952-4B49-AB8D-284B4631FA62}"
EndProject
Project("{FAE04EC0-301F-11D3-BF4B-00C04F79EFBC}") = "CraftLR.Exercice8", "src\CraftLR.Exercice8\CraftLR.Exercice8.csproj", "{C9490E83-7066-462B-A630-9EF36EFE6665}"
EndProject
Global
	GlobalSection(SolutionConfigurationPlatforms) = preSolution
		Debug|Any CPU = Debug|Any CPU
		Release|Any CPU = Release|Any CPU
	EndGlobalSection
	GlobalSection(SolutionProperties) = preSolution
		HideSolutionNode = FALSE
	EndGlobalSection
	GlobalSection(ProjectConfigurationPlatforms) = postSolution
		{F04E25A5-C031-4807-AAE8-6CFD2B3D17F7}.Debug|Any CPU.ActiveCfg = Debug|Any CPU
		{F04E25A5-C031-4807-AAE8-6CFD2B3D17F7}.Debug|Any CPU.Build.0 = Debug|Any CPU
		{F04E25A5-C031-4807-AAE8-6CFD2B3D17F7}.Release|Any CPU.ActiveCfg = Release|Any CPU
		{F04E25A5-C031-4807-AAE8-6CFD2B3D17F7}.Release|Any CPU.Build.0 = Release|Any CPU
		{A95E53F0-CF65-42AF-A85C-BB2EE1F2DC3B}.Debug|Any CPU.ActiveCfg = Debug|Any CPU
		{A95E53F0-CF65-42AF-A85C-BB2EE1F2DC3B}.Debug|Any CPU.Build.0 = Debug|Any CPU
		{A95E53F0-CF65-42AF-A85C-BB2EE1F2DC3B}.Release|Any CPU.ActiveCfg = Release|Any CPU
		{A95E53F0-CF65-42AF-A85C-BB2EE1F2DC3B}.Release|Any CPU.Build.0 = Release|Any CPU
		{BD6E1526-EBDA-431C-8EAE-0A9D1CF46D90}.Debug|Any CPU.ActiveCfg = Debug|Any CPU
		{BD6E1526-EBDA-431C-8EAE-0A9D1CF46D90}.Debug|Any CPU.Build.0 = Debug|Any CPU
		{BD6E1526-EBDA-431C-8EAE-0A9D1CF46D90}.Release|Any CPU.ActiveCfg = Release|Any CPU
		{BD6E1526-EBDA-431C-8EAE-0A9D1CF46D90}.Release|Any CPU.Build.0 = Release|Any CPU
		{DDE77B36-010D-47F9-A1BC-134E2ADC5DEE}.Debug|Any CPU.ActiveCfg = Debug|Any CPU
		{DDE77B36-010D-47F9-A1BC-134E2ADC5DEE}.Debug|Any CPU.Build.0 = Debug|Any CPU
		{DDE77B36-010D-47F9-A1BC-134E2ADC5DEE}.Release|Any CPU.ActiveCfg = Release|Any CPU
		{DDE77B36-010D-47F9-A1BC-134E2ADC5DEE}.Release|Any CPU.Build.0 = Release|Any CPU
		{8629C577-7033-476A-8BC6-91F9AC18B469}.Debug|Any CPU.ActiveCfg = Debug|Any CPU
		{8629C577-7033-476A-8BC6-91F9AC18B469}.Debug|Any CPU.Build.0 = Debug|Any CPU
		{8629C577-7033-476A-8BC6-91F9AC18B469}.Release|Any CPU.ActiveCfg = Release|Any CPU
		{8629C577-7033-476A-8BC6-91F9AC18B469}.Release|Any CPU.Build.0 = Release|Any CPU
		{9CF73F37-74F6-4367-98F1-6A99BC58F489}.Debug|Any CPU.ActiveCfg = Debug|Any CPU
		{9CF73F37-74F6-4367-98F1-6A99BC58F489}.Debug|Any CPU.Build.0 = Debug|Any CPU
		{9CF73F37-74F6-4367-98F1-6A99BC58F489}.Release|Any CPU.ActiveCfg = Release|Any CPU
		{9CF73F37-74F6-4367-98F1-6A99BC58F489}.Release|Any CPU.Build.0 = Release|Any CPU
		{678267EE-7D29-4A90-976B-A719D29D4D0E}.Debug|Any CPU.ActiveCfg = Debug|Any CPU
		{678267EE-7D29-4A90-976B-A719D29D4D0E}.Debug|Any CPU.Build.0 = Debug|Any CPU
		{678267EE-7D29-4A90-976B-A719D29D4D0E}.Release|Any CPU.ActiveCfg = Release|Any CPU
		{678267EE-7D29-4A90-976B-A719D29D4D0E}.Release|Any CPU.Build.0 = Release|Any CPU
		{31A665FF-F54E-4059-9244-59739781EB9F}.Debug|Any CPU.ActiveCfg = Debug|Any CPU
		{31A665FF-F54E-4059-9244-59739781EB9F}.Debug|Any CPU.Build.0 = Debug|Any CPU
		{31A665FF-F54E-4059-9244-59739781EB9F}.Release|Any CPU.ActiveCfg = Release|Any CPU
		{31A665FF-F54E-4059-9244-59739781EB9F}.Release|Any CPU.Build.0 = Release|Any CPU
		{18DF70CA-DDA4-4C3E-98CA-D4CD20BCECC2}.Debug|Any CPU.ActiveCfg = Debug|Any CPU
		{18DF70CA-DDA4-4C3E-98CA-D4CD20BCECC2}.Debug|Any CPU.Build.0 = Debug|Any CPU
		{18DF70CA-DDA4-4C3E-98CA-D4CD20BCECC2}.Release|Any CPU.ActiveCfg = Release|Any CPU
		{18DF70CA-DDA4-4C3E-98CA-D4CD20BCECC2}.Release|Any CPU.Build.0 = Release|Any CPU
		{C7AC608B-4615-41E0-9790-F43A5668E6F8}.Debug|Any CPU.ActiveCfg = Debug|Any CPU
		{C7AC608B-4615-41E0-9790-F43A5668E6F8}.Debug|Any CPU.Build.0 = Debug|Any CPU
		{C7AC608B-4615-41E0-9790-F43A5668E6F8}.Release|Any CPU.ActiveCfg = Release|Any CPU
		{C7AC608B-4615-41E0-9790-F43A5668E6F8}.Release|Any CPU.Build.0 = Release|Any CPU
		{2844046D-2952-4B49-AB8D-284B4631FA62}.Debug|Any CPU.ActiveCfg = Debug|Any CPU
		{2844046D-2952-4B49-AB8D-284B4631FA62}.Debug|Any CPU.Build.0 = Debug|Any CPU
		{2844046D-2952-4B49-AB8D-284B4631FA62}.Release|Any CPU.ActiveCfg = Release|Any CPU
		{2844046D-2952-4B49-AB8D-284B4631FA62}.Release|Any CPU.Build.0 = Release|Any CPU
		{C9490E83-7066-462B-A630-9EF36EFE6665}.Debug|Any CPU.ActiveCfg = Debug|Any CPU
		{C9490E83-7066-462B-A630-9EF36EFE6665}.Debug|Any CPU.Build.0 = Debug|Any CPU
		{C9490E83-7066-462B-A630-9EF36EFE6665}.Release|Any CPU.ActiveCfg = Release|Any CPU
		{C9490E83-7066-462B-A630-9EF36EFE6665}.Release|Any CPU.Build.0 = Release|Any CPU
	EndGlobalSection
	GlobalSection(NestedProjects) = preSolution
		{F04E25A5-C031-4807-AAE8-6CFD2B3D17F7} = {F04A1618-D75A-478D-B4C9-B9EBB93A112E}
		{A95E53F0-CF65-42AF-A85C-BB2EE1F2DC3B} = {B2F87FA4-424F-403E-83A5-DEFEB98849C4}
		{BD6E1526-EBDA-431C-8EAE-0A9D1CF46D90} = {F04A1618-D75A-478D-B4C9-B9EBB93A112E}
		{DDE77B36-010D-47F9-A1BC-134E2ADC5DEE} = {F04A1618-D75A-478D-B4C9-B9EBB93A112E}
		{8629C577-7033-476A-8BC6-91F9AC18B469} = {F04A1618-D75A-478D-B4C9-B9EBB93A112E}
		{9CF73F37-74F6-4367-98F1-6A99BC58F489} = {F04A1618-D75A-478D-B4C9-B9EBB93A112E}
		{678267EE-7D29-4A90-976B-A719D29D4D0E} = {F04A1618-D75A-478D-B4C9-B9EBB93A112E}
		{31A665FF-F54E-4059-9244-59739781EB9F} = {F04A1618-D75A-478D-B4C9-B9EBB93A112E}
		{18DF70CA-DDA4-4C3E-98CA-D4CD20BCECC2} = {F04A1618-D75A-478D-B4C9-B9EBB93A112E}
		{C7AC608B-4615-41E0-9790-F43A5668E6F8} = {F04A1618-D75A-478D-B4C9-B9EBB93A112E}
		{2844046D-2952-4B49-AB8D-284B4631FA62} = {F04A1618-D75A-478D-B4C9-B9EBB93A112E}
		{C9490E83-7066-462B-A630-9EF36EFE6665} = {F04A1618-D75A-478D-B4C9-B9EBB93A112E}
	EndGlobalSection
EndGlobal
